Microsoft Visual Studio Solution File, Format Version 11.00
# Visual Studio 2010
Project("{9B071F7C-3221-75A8-AD3A-483404658695}") = "Coeus", "Coeus.vcxproj", "{CA2A0C35-BFFC-2E6E-4992-AE1BB50EFD4C}"
EndProject
Global
	GlobalSection(SolutionConfigurationPlatforms) = preSolution
		Debug|Win32 = Debug|Win32
		Release|Win32 = Release|Win32
	EndGlobalSection
	GlobalSection(ProjectConfigurationPlatforms) = postSolution
		{CA2A0C35-BFFC-2E6E-4992-AE1BB50EFD4C}.Debug|Win32.ActiveCfg = Debug|Win32
		{CA2A0C35-BFFC-2E6E-4992-AE1BB50EFD4C}.Debug|Win32.Build.0 = Debug|Win32
		{CA2A0C35-BFFC-2E6E-4992-AE1BB50EFD4C}.Release|Win32.ActiveCfg = Release|Win32
		{CA2A0C35-BFFC-2E6E-4992-AE1BB50EFD4C}.Release|Win32.Build.0 = Release|Win32
	EndGlobalSection
	GlobalSection(SolutionProperties) = preSolution
		HideSolutionNode = FALSE
	EndGlobalSection
EndGlobal
